
Microsoft Visual Studio Solution File, Format Version 12.00
# Visual Studio Version 16
VisualStudioVersion = 16.0.810.9
MinimumVisualStudioVersion = 10.0.40219.1
Project("{FAE04EC0-301F-11D3-BF4B-00C04F79EFBC}") = "tp3", "tp3\tp3.csproj", "{BC600AF7-0994-4ED4-ACCF-2E4E2541E1D4}"
EndProject
Global
	GlobalSection(SolutionConfigurationPlatforms) = preSolution
		Debug|Any CPU = Debug|Any CPU
		Release|Any CPU = Release|Any CPU
	EndGlobalSection
	GlobalSection(ProjectConfigurationPlatforms) = postSolution
		{BC600AF7-0994-4ED4-ACCF-2E4E2541E1D4}.Debug|Any CPU.ActiveCfg = Debug|Any CPU
		{BC600AF7-0994-4ED4-ACCF-2E4E2541E1D4}.Debug|Any CPU.Build.0 = Debug|Any CPU
		{BC600AF7-0994-4ED4-ACCF-2E4E2541E1D4}.Release|Any CPU.ActiveCfg = Release|Any CPU
		{BC600AF7-0994-4ED4-ACCF-2E4E2541E1D4}.Release|Any CPU.Build.0 = Release|Any CPU
	EndGlobalSection
	GlobalSection(SolutionProperties) = preSolution
		HideSolutionNode = FALSE
	EndGlobalSection
	GlobalSection(ExtensibilityGlobals) = postSolution
		SolutionGuid = {6F94139B-8AA9-433F-8C20-83541C4B0F3F}
	EndGlobalSection
EndGlobal
